
Microsoft Visual Studio Solution File, Format Version 12.00
# Visual Studio Version 17
VisualStudioVersion = 17.7.34024.191
MinimumVisualStudioVersion = 10.0.40219.1
Project("{9A19103F-16F7-4668-BE54-9A1E7A4F7556}") = "clase 1", "clase 1.csproj", "{6CF75390-55EE-4F16-98C2-A232DEDFBEC3}"
EndProject
Project("{2150E333-8FDC-42A3-9474-1A3956D46DE8}") = "clase 1", "clase 1", "{1CD6E617-5D48-4BC4-A465-6994BA577574}"
EndProject
Global
	GlobalSection(SolutionConfigurationPlatforms) = preSolution
		Debug|Any CPU = Debug|Any CPU
		Release|Any CPU = Release|Any CPU
	EndGlobalSection
	GlobalSection(ProjectConfigurationPlatforms) = postSolution
		{6CF75390-55EE-4F16-98C2-A232DEDFBEC3}.Debug|Any CPU.ActiveCfg = Debug|Any CPU
		{6CF75390-55EE-4F16-98C2-A232DEDFBEC3}.Debug|Any CPU.Build.0 = Debug|Any CPU
		{6CF75390-55EE-4F16-98C2-A232DEDFBEC3}.Release|Any CPU.ActiveCfg = Release|Any CPU
		{6CF75390-55EE-4F16-98C2-A232DEDFBEC3}.Release|Any CPU.Build.0 = Release|Any CPU
	EndGlobalSection
	GlobalSection(SolutionProperties) = preSolution
		HideSolutionNode = FALSE
	EndGlobalSection
	GlobalSection(NestedProjects) = preSolution
		{6CF75390-55EE-4F16-98C2-A232DEDFBEC3} = {1CD6E617-5D48-4BC4-A465-6994BA577574}
	EndGlobalSection
	GlobalSection(ExtensibilityGlobals) = postSolution
		SolutionGuid = {1BDA501D-9D1C-4A1C-BCEA-7B9096403396}
	EndGlobalSection
EndGlobal
